# This file was autogenerated by Stack.
# You should not edit this file by hand.
# For more information, please see the documentation at:
#   https://docs.haskellstack.org/en/stable/lock_files

packages:
- completed:
    hackage: verset-0.0.1.7@sha256:e4e0aaa1002df6c3f2d223048d100bdb637b21c2624d49fe0e62abeae85827b8,1620
    pantry-tree:
      size: 313
      sha256: 77828f5ddde16e49fe46e6b54642bf64cb71b32f04e63a512e05ae27600ae962
  original:
    hackage: verset-0.0.1.7
snapshots:
- completed:
    size: 586296
    url: https://raw.githubusercontent.com/commercialhaskell/stackage-snapshots/master/lts/18/18.yaml
    sha256: 63539429076b7ebbab6daa7656cfb079393bf644971156dc349d7c0453694ac2
  original: lts-18.18
